
Microsoft Visual Studio Solution File, Format Version 12.00
Project("{FAE04EC0-301F-11D3-BF4B-00C04F79EFBC}") = "Devdog.General2", "Runtime\Devdog.General2.csproj", "{91F0CE59-82A5-4980-9FBC-EAF9FFDB4960}"
EndProject
Project("{FAE04EC0-301F-11D3-BF4B-00C04F79EFBC}") = "Devdog.General.Editors", "Editor\Devdog.General.Editors.csproj", "{0C75EAB8-BF57-4FF7-A190-B03ECA3EF340}"
EndProject
Global
	GlobalSection(SolutionConfigurationPlatforms) = preSolution
		Debug|Any CPU = Debug|Any CPU
		Release|Any CPU = Release|Any CPU
	EndGlobalSection
	GlobalSection(ProjectConfigurationPlatforms) = postSolution
		{91F0CE59-82A5-4980-9FBC-EAF9FFDB4960}.Debug|Any CPU.ActiveCfg = Debug|Any CPU
		{91F0CE59-82A5-4980-9FBC-EAF9FFDB4960}.Debug|Any CPU.Build.0 = Debug|Any CPU
		{91F0CE59-82A5-4980-9FBC-EAF9FFDB4960}.Release|Any CPU.ActiveCfg = Release|Any CPU
		{91F0CE59-82A5-4980-9FBC-EAF9FFDB4960}.Release|Any CPU.Build.0 = Release|Any CPU
		{0C75EAB8-BF57-4FF7-A190-B03ECA3EF340}.Debug|Any CPU.ActiveCfg = Debug|Any CPU
		{0C75EAB8-BF57-4FF7-A190-B03ECA3EF340}.Debug|Any CPU.Build.0 = Debug|Any CPU
		{0C75EAB8-BF57-4FF7-A190-B03ECA3EF340}.Release|Any CPU.ActiveCfg = Release|Any CPU
		{0C75EAB8-BF57-4FF7-A190-B03ECA3EF340}.Release|Any CPU.Build.0 = Release|Any CPU
	EndGlobalSection
EndGlobal
